
Microsoft Visual Studio Solution File, Format Version 12.00
# Visual Studio Version 17
VisualStudioVersion = 17.7.34031.279
MinimumVisualStudioVersion = 10.0.40219.1
Project("{FAE04EC0-301F-11D3-BF4B-00C04F79EFBC}") = "ParkerWeb", "ParkerWeb\ParkerWeb.csproj", "{FBAF8D0D-702C-4CD1-A900-3A10BF0000D6}"
EndProject
Global
	GlobalSection(SolutionConfigurationPlatforms) = preSolution
		Debug|Any CPU = Debug|Any CPU
		Release|Any CPU = Release|Any CPU
	EndGlobalSection
	GlobalSection(ProjectConfigurationPlatforms) = postSolution
		{FBAF8D0D-702C-4CD1-A900-3A10BF0000D6}.Debug|Any CPU.ActiveCfg = Debug|Any CPU
		{FBAF8D0D-702C-4CD1-A900-3A10BF0000D6}.Debug|Any CPU.Build.0 = Debug|Any CPU
		{FBAF8D0D-702C-4CD1-A900-3A10BF0000D6}.Release|Any CPU.ActiveCfg = Release|Any CPU
		{FBAF8D0D-702C-4CD1-A900-3A10BF0000D6}.Release|Any CPU.Build.0 = Release|Any CPU
	EndGlobalSection
	GlobalSection(SolutionProperties) = preSolution
		HideSolutionNode = FALSE
	EndGlobalSection
	GlobalSection(ExtensibilityGlobals) = postSolution
		SolutionGuid = {D2DADD0E-093B-4141-8905-5D1A2724C1E7}
	EndGlobalSection
EndGlobal
